
Microsoft Visual Studio Solution File, Format Version 12.00
# Visual Studio 15
VisualStudioVersion = 15.0.26730.16
MinimumVisualStudioVersion = 10.0.40219.1
Project("{FAE04EC0-301F-11D3-BF4B-00C04F79EFBC}") = "Inheritance", "Inheritance\Inheritance.csproj", "{835328C5-5ABF-4526-AB6B-20D504E9C4ED}"
EndProject
Global
	GlobalSection(SolutionConfigurationPlatforms) = preSolution
		Debug|Any CPU = Debug|Any CPU
		Release|Any CPU = Release|Any CPU
	EndGlobalSection
	GlobalSection(ProjectConfigurationPlatforms) = postSolution
		{835328C5-5ABF-4526-AB6B-20D504E9C4ED}.Debug|Any CPU.ActiveCfg = Debug|Any CPU
		{835328C5-5ABF-4526-AB6B-20D504E9C4ED}.Debug|Any CPU.Build.0 = Debug|Any CPU
		{835328C5-5ABF-4526-AB6B-20D504E9C4ED}.Release|Any CPU.ActiveCfg = Release|Any CPU
		{835328C5-5ABF-4526-AB6B-20D504E9C4ED}.Release|Any CPU.Build.0 = Release|Any CPU
	EndGlobalSection
	GlobalSection(SolutionProperties) = preSolution
		HideSolutionNode = FALSE
	EndGlobalSection
	GlobalSection(ExtensibilityGlobals) = postSolution
		SolutionGuid = {0BDC9B89-438B-4284-8BAA-5EC892B84E06}
	EndGlobalSection
EndGlobal
